
Microsoft Visual Studio Solution File, Format Version 11.00
# Visual Studio 2010
Project("{FAE04EC0-301F-11D3-BF4B-00C04F79EFBC}") = "TIMEHOLLOW", "TIMEHOLLOW\TIMEHOLLOW.csproj", "{54C3C13E-8954-4CB1-9F20-B89CE5F24D8D}"
EndProject
Global
	GlobalSection(SolutionConfigurationPlatforms) = preSolution
		Debug|Any CPU = Debug|Any CPU
		Release|Any CPU = Release|Any CPU
	EndGlobalSection
	GlobalSection(ProjectConfigurationPlatforms) = postSolution
		{54C3C13E-8954-4CB1-9F20-B89CE5F24D8D}.Debug|Any CPU.ActiveCfg = Debug|Any CPU
		{54C3C13E-8954-4CB1-9F20-B89CE5F24D8D}.Debug|Any CPU.Build.0 = Debug|Any CPU
		{54C3C13E-8954-4CB1-9F20-B89CE5F24D8D}.Release|Any CPU.ActiveCfg = Release|Any CPU
		{54C3C13E-8954-4CB1-9F20-B89CE5F24D8D}.Release|Any CPU.Build.0 = Release|Any CPU
	EndGlobalSection
	GlobalSection(SolutionProperties) = preSolution
		HideSolutionNode = FALSE
	EndGlobalSection
EndGlobal
