
Microsoft Visual Studio Solution File, Format Version 11.00
# Visual Studio 2010
Project("{FAE04EC0-301F-11D3-BF4B-00C04F79EFBC}") = "Fonts", "Fonts\Fonts.csproj", "{C0153427-BCCE-4CD1-887C-47B140B9B317}"
EndProject
Global
	GlobalSection(SolutionConfigurationPlatforms) = preSolution
		Debug|Any CPU = Debug|Any CPU
		Release|Any CPU = Release|Any CPU
	EndGlobalSection
	GlobalSection(ProjectConfigurationPlatforms) = postSolution
		{C0153427-BCCE-4CD1-887C-47B140B9B317}.Debug|Any CPU.ActiveCfg = Debug|Any CPU
		{C0153427-BCCE-4CD1-887C-47B140B9B317}.Debug|Any CPU.Build.0 = Debug|Any CPU
		{C0153427-BCCE-4CD1-887C-47B140B9B317}.Release|Any CPU.ActiveCfg = Release|Any CPU
		{C0153427-BCCE-4CD1-887C-47B140B9B317}.Release|Any CPU.Build.0 = Release|Any CPU
	EndGlobalSection
	GlobalSection(SolutionProperties) = preSolution
		HideSolutionNode = FALSE
	EndGlobalSection
EndGlobal
