
Microsoft Visual Studio Solution File, Format Version 12.00
# Visual Studio 15
Project("{FAE04EC0-301F-11D3-BF4B-00C04F79EFBC}") = "JUS", "JUS\JUS.csproj", "{F9DF9338-E4A6-4184-96F3-37121DC2759F}"
EndProject
Global
	GlobalSection(SolutionConfigurationPlatforms) = preSolution
		Debug|x86 = Debug|x86
		Release|x86 = Release|x86
	EndGlobalSection
	GlobalSection(ProjectConfigurationPlatforms) = postSolution
		{F9DF9338-E4A6-4184-96F3-37121DC2759F}.Debug|x86.ActiveCfg = Debug|Any CPU
		{F9DF9338-E4A6-4184-96F3-37121DC2759F}.Debug|x86.Build.0 = Debug|Any CPU
		{F9DF9338-E4A6-4184-96F3-37121DC2759F}.Release|x86.ActiveCfg = Release|Any CPU
		{F9DF9338-E4A6-4184-96F3-37121DC2759F}.Release|x86.Build.0 = Release|Any CPU
	EndGlobalSection
EndGlobal
