
Microsoft Visual Studio Solution File, Format Version 11.00
# Visual Studio 2010
Project("{FAE04EC0-301F-11D3-BF4B-00C04F79EFBC}") = "DBK ULTIMATE", "DBK ULTIMATE\DBK ULTIMATE.csproj", "{10CBD97F-0AD8-4E80-A458-D8E3246C3A2D}"
EndProject
Global
	GlobalSection(SolutionConfigurationPlatforms) = preSolution
		Debug|Any CPU = Debug|Any CPU
		Release|Any CPU = Release|Any CPU
	EndGlobalSection
	GlobalSection(ProjectConfigurationPlatforms) = postSolution
		{10CBD97F-0AD8-4E80-A458-D8E3246C3A2D}.Debug|Any CPU.ActiveCfg = Debug|Any CPU
		{10CBD97F-0AD8-4E80-A458-D8E3246C3A2D}.Debug|Any CPU.Build.0 = Debug|Any CPU
		{10CBD97F-0AD8-4E80-A458-D8E3246C3A2D}.Release|Any CPU.ActiveCfg = Release|Any CPU
		{10CBD97F-0AD8-4E80-A458-D8E3246C3A2D}.Release|Any CPU.Build.0 = Release|Any CPU
	EndGlobalSection
	GlobalSection(SolutionProperties) = preSolution
		HideSolutionNode = FALSE
	EndGlobalSection
EndGlobal
