
Microsoft Visual Studio Solution File, Format Version 11.00
# Visual Studio 2010
Project("{FAE04EC0-301F-11D3-BF4B-00C04F79EFBC}") = "MAPLESTORYDS", "MAPLESTORYDS\MAPLESTORYDS.csproj", "{DD175B50-1952-4098-9614-A573879A0BD5}"
EndProject
Global
	GlobalSection(SolutionConfigurationPlatforms) = preSolution
		Debug|Any CPU = Debug|Any CPU
		Release|Any CPU = Release|Any CPU
	EndGlobalSection
	GlobalSection(ProjectConfigurationPlatforms) = postSolution
		{DD175B50-1952-4098-9614-A573879A0BD5}.Debug|Any CPU.ActiveCfg = Debug|Any CPU
		{DD175B50-1952-4098-9614-A573879A0BD5}.Debug|Any CPU.Build.0 = Debug|Any CPU
		{DD175B50-1952-4098-9614-A573879A0BD5}.Release|Any CPU.ActiveCfg = Release|Any CPU
		{DD175B50-1952-4098-9614-A573879A0BD5}.Release|Any CPU.Build.0 = Release|Any CPU
	EndGlobalSection
	GlobalSection(SolutionProperties) = preSolution
		HideSolutionNode = FALSE
	EndGlobalSection
EndGlobal
