
Microsoft Visual Studio Solution File, Format Version 11.00
# Visual C# Express 2010
Project("{FAE04EC0-301F-11D3-BF4B-00C04F79EFBC}") = "TXT", "TXT\TXT.csproj", "{B05D28B9-DAD9-46C6-97CC-9B942FBCAAAB}"
EndProject
Global
	GlobalSection(SolutionConfigurationPlatforms) = preSolution
		Debug|Any CPU = Debug|Any CPU
		Release|Any CPU = Release|Any CPU
	EndGlobalSection
	GlobalSection(ProjectConfigurationPlatforms) = postSolution
		{B05D28B9-DAD9-46C6-97CC-9B942FBCAAAB}.Debug|Any CPU.ActiveCfg = Debug|Any CPU
		{B05D28B9-DAD9-46C6-97CC-9B942FBCAAAB}.Debug|Any CPU.Build.0 = Debug|Any CPU
		{B05D28B9-DAD9-46C6-97CC-9B942FBCAAAB}.Release|Any CPU.ActiveCfg = Release|Any CPU
		{B05D28B9-DAD9-46C6-97CC-9B942FBCAAAB}.Release|Any CPU.Build.0 = Release|Any CPU
	EndGlobalSection
	GlobalSection(SolutionProperties) = preSolution
		HideSolutionNode = FALSE
	EndGlobalSection
EndGlobal
