
Microsoft Visual Studio Solution File, Format Version 11.00
# Visual Studio 2010
Project("{FAE04EC0-301F-11D3-BF4B-00C04F79EFBC}") = "TC UTK", "TC UTK\TC UTK.csproj", "{7F10B144-A1E8-4018-873E-040E6CC61B35}"
EndProject
Global
	GlobalSection(SolutionConfigurationPlatforms) = preSolution
		Debug|Any CPU = Debug|Any CPU
		Release|Any CPU = Release|Any CPU
	EndGlobalSection
	GlobalSection(ProjectConfigurationPlatforms) = postSolution
		{7F10B144-A1E8-4018-873E-040E6CC61B35}.Debug|Any CPU.ActiveCfg = Debug|Any CPU
		{7F10B144-A1E8-4018-873E-040E6CC61B35}.Debug|Any CPU.Build.0 = Debug|Any CPU
		{7F10B144-A1E8-4018-873E-040E6CC61B35}.Release|Any CPU.ActiveCfg = Release|Any CPU
		{7F10B144-A1E8-4018-873E-040E6CC61B35}.Release|Any CPU.Build.0 = Release|Any CPU
	EndGlobalSection
	GlobalSection(SolutionProperties) = preSolution
		HideSolutionNode = FALSE
	EndGlobalSection
EndGlobal
