
Microsoft Visual Studio Solution File, Format Version 11.00
# Visual Studio 2010
Project("{FAE04EC0-301F-11D3-BF4B-00C04F79EFBC}") = "TOKIMEKIGS3S", "TOKIMEKIGS3S\TOKIMEKIGS3S.csproj", "{69376506-6FF9-47FE-9D3E-76A5FCE48D1D}"
EndProject
Global
	GlobalSection(SolutionConfigurationPlatforms) = preSolution
		Debug|Any CPU = Debug|Any CPU
		Release|Any CPU = Release|Any CPU
	EndGlobalSection
	GlobalSection(ProjectConfigurationPlatforms) = postSolution
		{69376506-6FF9-47FE-9D3E-76A5FCE48D1D}.Debug|Any CPU.ActiveCfg = Debug|Any CPU
		{69376506-6FF9-47FE-9D3E-76A5FCE48D1D}.Debug|Any CPU.Build.0 = Debug|Any CPU
		{69376506-6FF9-47FE-9D3E-76A5FCE48D1D}.Release|Any CPU.ActiveCfg = Release|Any CPU
		{69376506-6FF9-47FE-9D3E-76A5FCE48D1D}.Release|Any CPU.Build.0 = Release|Any CPU
	EndGlobalSection
	GlobalSection(SolutionProperties) = preSolution
		HideSolutionNode = FALSE
	EndGlobalSection
EndGlobal
