
Microsoft Visual Studio Solution File, Format Version 11.00
# Visual Studio 2010
Project("{FAE04EC0-301F-11D3-BF4B-00C04F79EFBC}") = "NINOKUNI", "NINOKUNI\NINOKUNI.csproj", "{724D3B2D-F8C9-4EEC-A883-E67AF4C76BA9}"
EndProject
Global
	GlobalSection(SolutionConfigurationPlatforms) = preSolution
		Debug|Any CPU = Debug|Any CPU
		Release|Any CPU = Release|Any CPU
	EndGlobalSection
	GlobalSection(ProjectConfigurationPlatforms) = postSolution
		{724D3B2D-F8C9-4EEC-A883-E67AF4C76BA9}.Debug|Any CPU.ActiveCfg = Debug|Any CPU
		{724D3B2D-F8C9-4EEC-A883-E67AF4C76BA9}.Debug|Any CPU.Build.0 = Debug|Any CPU
		{724D3B2D-F8C9-4EEC-A883-E67AF4C76BA9}.Release|Any CPU.ActiveCfg = Release|Any CPU
		{724D3B2D-F8C9-4EEC-A883-E67AF4C76BA9}.Release|Any CPU.Build.0 = Release|Any CPU
	EndGlobalSection
	GlobalSection(SolutionProperties) = preSolution
		HideSolutionNode = FALSE
	EndGlobalSection
EndGlobal
