
Microsoft Visual Studio Solution File, Format Version 11.00
# Visual Studio 2010
Project("{FAE04EC0-301F-11D3-BF4B-00C04F79EFBC}") = "999HRPERDOOR", "999HRPERDOOR\999HRPERDOOR.csproj", "{75C5C7CA-BA9A-4602-B4B6-BFB1B95F35B5}"
EndProject
Global
	GlobalSection(SolutionConfigurationPlatforms) = preSolution
		Debug|Any CPU = Debug|Any CPU
		Release|Any CPU = Release|Any CPU
	EndGlobalSection
	GlobalSection(ProjectConfigurationPlatforms) = postSolution
		{75C5C7CA-BA9A-4602-B4B6-BFB1B95F35B5}.Debug|Any CPU.ActiveCfg = Debug|Any CPU
		{75C5C7CA-BA9A-4602-B4B6-BFB1B95F35B5}.Debug|Any CPU.Build.0 = Debug|Any CPU
		{75C5C7CA-BA9A-4602-B4B6-BFB1B95F35B5}.Release|Any CPU.ActiveCfg = Release|Any CPU
		{75C5C7CA-BA9A-4602-B4B6-BFB1B95F35B5}.Release|Any CPU.Build.0 = Release|Any CPU
	EndGlobalSection
	GlobalSection(SolutionProperties) = preSolution
		HideSolutionNode = FALSE
	EndGlobalSection
EndGlobal
